{
  "originHash" : "89ac8357818454e40366714c477d8e50668a22b66b1c912956fed4e66bf88aeb",
  "pins" : [
    {
      "identity" : "noctweave",
      "kind" : "remoteSourceControl",
      "location" : "https://github.com/luizwidmer/Noctweave.git",
      "state" : {
        "revision" : "8912862d49f10c8bd307078ba0f05dc021fea1f5"
      }
    }
  ],
  "version" : 3
}
