{
  "originHash" : "e119094248624819ed8b198eeaca225f975cf679705a0f204aa16471d6dec41e",
  "pins" : [
    {
      "identity" : "noctweave",
      "kind" : "remoteSourceControl",
      "location" : "https://github.com/luizwidmer/Noctweave.git",
      "state" : {
        "branch" : "main",
        "revision" : "1f3746d502b13dbd7ec5553a3ebe25c34a1643fe"
      }
    }
  ],
  "version" : 3
}
