{
  "originHash" : "20d1af394b4e71392ac20b41bf1e940b920169690e6fd62d550224536d7bcdda",
  "pins" : [
    {
      "identity" : "noctweave",
      "kind" : "remoteSourceControl",
      "location" : "https://github.com/luizwidmer/Noctweave.git",
      "state" : {
        "revision" : "4104f8c84a367035a48b99a6310fca3998cde9c7"
      }
    }
  ],
  "version" : 3
}
