{
  "originHash" : "b800fe01eec24deb3b3fb97b70abe86759803024f2d1326399c6b16eede46581",
  "pins" : [
    {
      "identity" : "noctweave",
      "kind" : "remoteSourceControl",
      "location" : "https://github.com/luizwidmer/Noctweave.git",
      "state" : {
        "branch" : "main",
        "revision" : "1f3746d502b13dbd7ec5553a3ebe25c34a1643fe"
      }
    }
  ],
  "version" : 3
}
