{
  "originHash" : "138e57abab5667cc5f5c7cf4f321fa1270d0bdb1a9b3b822d8b6963a1e8aabbb",
  "pins" : [
    {
      "identity" : "noctweave",
      "kind" : "remoteSourceControl",
      "location" : "https://github.com/luizwidmer/Noctweave.git",
      "state" : {
        "revision" : "41a874fc68dc87898f7406b23d290b308364442b"
      }
    }
  ],
  "version" : 3
}
