{
  "originHash" : "1081bd3b9a4c78aa23fea01ca32da5bad677c0c378582b395257d2305aff79c0",
  "pins" : [
    {
      "identity" : "noctweave",
      "kind" : "remoteSourceControl",
      "location" : "https://github.com/luizwidmer/Noctweave.git",
      "state" : {
        "revision" : "f8351b0412ec7f46c8fd18b4a5034d7a72f18d8f"
      }
    }
  ],
  "version" : 3
}
